# @generated by Move, please check-in and do not edit manually.

[move]
version = 3
manifest_digest = "870C430DF2FEA4FB499FFC40BC0D532315EE26F85489453AC75FB88A1F230631"
deps_digest = "F8BBB0CCB2491CA29A3DF03D6F92277A4F3574266507ACD77214D37ECA3F3082"
dependencies = [
  { id = "Sui", name = "Sui" },
]

[[move.package]]
id = "MoveStdlib"
source = { git = "https://github.com/MystenLabs/sui.git", rev = "framework/testnet", subdir = "crates\\sui-framework\\packages\\move-stdlib" }

[[move.package]]
id = "Sui"
source = { git = "https://github.com/MystenLabs/sui.git", rev = "framework/testnet", subdir = "crates/sui-framework/packages/sui-framework" }

dependencies = [
  { id = "MoveStdlib", name = "MoveStdlib" },
]

[move.toolchain-version]
compiler-version = "1.59.0"
edition = "2024.beta"
flavor = "sui"

[env]

[env.testnet]
chain-id = "4c78adac"
original-published-id = "0xbfb2351f31e5055259a7104944cfccfc56e03f47484598cdcf372842780a4ffe"
latest-published-id = "0xbfb2351f31e5055259a7104944cfccfc56e03f47484598cdcf372842780a4ffe"
published-version = "1"
